{
  "name": "slack-js-console",
  "version": "1.0.0",
  "lockfileVersion": 1,
  "requires": true,
  "dependencies": {
    "@types/node": {
      "version": "8.10.2",
      "resolved": "https://registry.npmjs.org/@types/node/-/node-8.10.2.tgz",
      "integrity": "sha512-A6Uv1anbsCvrRDtaUXS2xZ5tlzD+Kg7yMRlSLFDy3z0r7KlGXDzL14vELXIAgpk2aJbU3XeZZQRcEkLkowT92g=="
    },
    "ansicolor": {
      "version": "1.1.71",
      "resolved": "https://registry.npmjs.org/ansicolor/-/ansicolor-1.1.71.tgz",
      "integrity": "sha1-OLv5fbKC7bFGLcsjQAESQHqUhuM="
    },
    "as-table": {
      "version": "1.0.31",
      "resolved": "https://registry.npmjs.org/as-table/-/as-table-1.0.31.tgz",
      "integrity": "sha1-0AGAAk7LttGnRxUN91HTcWrqgWY=",
      "requires": {
        "printable-characters": "1.0.38"
      }
    },
    "data-uri-to-buffer": {
      "version": "2.0.0",
      "resolved": "https://registry.npmjs.org/data-uri-to-buffer/-/data-uri-to-buffer-2.0.0.tgz",
      "integrity": "sha512-YbKCNLPPP4inc0E5If4OaalBc7gpaM2MRv77Pv2VThVComLKfbGYtJcdDCViDyp1Wd4SebhHLz94vp91zbK6bw==",
      "requires": {
        "@types/node": "8.10.2"
      }
    },
    "get-source": {
      "version": "1.0.24",
      "resolved": "https://registry.npmjs.org/get-source/-/get-source-1.0.24.tgz",
      "integrity": "sha1-iY3Me1WSrboC6LuCuNLNpgza5cU=",
      "requires": {
        "data-uri-to-buffer": "2.0.0",
        "source-map": "0.6.1"
      }
    },
    "ololog": {
      "version": "1.1.87",
      "resolved": "https://registry.npmjs.org/ololog/-/ololog-1.1.87.tgz",
      "integrity": "sha1-liuz+Oh6b9RNvziH6JylflzKTgA=",
      "requires": {
        "ansicolor": "1.1.71",
        "pipez": "1.1.9",
        "printable-characters": "1.0.38",
        "stacktracey": "1.2.100",
        "string.bullet": "1.0.11",
        "string.ify": "1.0.43"
      }
    },
    "pipez": {
      "version": "1.1.9",
      "resolved": "https://registry.npmjs.org/pipez/-/pipez-1.1.9.tgz",
      "integrity": "sha1-xpQ0UFA7kSumUavvN+H5kVfr23k="
    },
    "printable-characters": {
      "version": "1.0.38",
      "resolved": "https://registry.npmjs.org/printable-characters/-/printable-characters-1.0.38.tgz",
      "integrity": "sha1-du+ErM/X+DZvtxOPuSRmqRbVmbw="
    },
    "source-map": {
      "version": "0.6.1",
      "resolved": "https://registry.npmjs.org/source-map/-/source-map-0.6.1.tgz",
      "integrity": "sha512-UjgapumWlbMhkBgzT7Ykc5YXUT46F0iKu8SGXq0bcwP5dz/h0Plj6enJqjz1Zbq2l5WaqYnrVbwWOWMyF3F47g=="
    },
    "stacktracey": {
      "version": "1.2.100",
      "resolved": "https://registry.npmjs.org/stacktracey/-/stacktracey-1.2.100.tgz",
      "integrity": "sha1-njLHp/pkPq9pqPlXI2Ezmor7a1k=",
      "requires": {
        "as-table": "1.0.31",
        "get-source": "1.0.24"
      }
    },
    "string.bullet": {
      "version": "1.0.11",
      "resolved": "https://registry.npmjs.org/string.bullet/-/string.bullet-1.0.11.tgz",
      "integrity": "sha1-g9ANwBIf3MVYz2jXf7kUaJI6gq4=",
      "requires": {
        "printable-characters": "1.0.38"
      }
    },
    "string.ify": {
      "version": "1.0.43",
      "resolved": "https://registry.npmjs.org/string.ify/-/string.ify-1.0.43.tgz",
      "integrity": "sha1-37Do/nPCHCOt99Z1xXS6dGTwzIA=",
      "requires": {
        "printable-characters": "1.0.38",
        "string.bullet": "1.0.11"
      }
    }
  }
}
